
Microsoft Visual Studio Solution File, Format Version 12.00
# Visual Studio Version 16
VisualStudioVersion = 16.0.30011.22
MinimumVisualStudioVersion = 10.0.40219.1
Project("{FAE04EC0-301F-11D3-BF4B-00C04F79EFBC}") = "SupermarketManagement.PresentationLayer", "Supermarketmanagement.PresentationLayer\SupermarketManagement.PresentationLayer.csproj", "{052A8448-A8ED-42C8-AD52-C1ABE29EF01C}"
EndProject
Project("{FAE04EC0-301F-11D3-BF4B-00C04F79EFBC}") = "SupermarketManagement.Core", "Supermarketmanagement.Core\SupermarketManagement.Core.csproj", "{D22A34AD-11BE-4FCB-8FB1-4B5A22022904}"
EndProject
Project("{FAE04EC0-301F-11D3-BF4B-00C04F79EFBC}") = "SupermarketManagement.DataAccessLayer", "Supermarketmanagement.DataAccessLayer\SupermarketManagement.DataAccessLayer.csproj", "{26E3B52F-20F8-468A-927B-4FE600253B21}"
EndProject
Project("{FAE04EC0-301F-11D3-BF4B-00C04F79EFBC}") = "ConsoleToTest", "ConsoleToTest\ConsoleToTest.csproj", "{2A6BCADD-B320-47EA-B78B-23211AD8564F}"
EndProject
Global
	GlobalSection(SolutionConfigurationPlatforms) = preSolution
		Debug|Any CPU = Debug|Any CPU
		Release|Any CPU = Release|Any CPU
	EndGlobalSection
	GlobalSection(ProjectConfigurationPlatforms) = postSolution
		{052A8448-A8ED-42C8-AD52-C1ABE29EF01C}.Debug|Any CPU.ActiveCfg = Debug|Any CPU
		{052A8448-A8ED-42C8-AD52-C1ABE29EF01C}.Debug|Any CPU.Build.0 = Debug|Any CPU
		{052A8448-A8ED-42C8-AD52-C1ABE29EF01C}.Release|Any CPU.ActiveCfg = Release|Any CPU
		{052A8448-A8ED-42C8-AD52-C1ABE29EF01C}.Release|Any CPU.Build.0 = Release|Any CPU
		{D22A34AD-11BE-4FCB-8FB1-4B5A22022904}.Debug|Any CPU.ActiveCfg = Debug|Any CPU
		{D22A34AD-11BE-4FCB-8FB1-4B5A22022904}.Debug|Any CPU.Build.0 = Debug|Any CPU
		{D22A34AD-11BE-4FCB-8FB1-4B5A22022904}.Release|Any CPU.ActiveCfg = Release|Any CPU
		{D22A34AD-11BE-4FCB-8FB1-4B5A22022904}.Release|Any CPU.Build.0 = Release|Any CPU
		{26E3B52F-20F8-468A-927B-4FE600253B21}.Debug|Any CPU.ActiveCfg = Debug|Any CPU
		{26E3B52F-20F8-468A-927B-4FE600253B21}.Debug|Any CPU.Build.0 = Debug|Any CPU
		{26E3B52F-20F8-468A-927B-4FE600253B21}.Release|Any CPU.ActiveCfg = Release|Any CPU
		{26E3B52F-20F8-468A-927B-4FE600253B21}.Release|Any CPU.Build.0 = Release|Any CPU
		{2A6BCADD-B320-47EA-B78B-23211AD8564F}.Debug|Any CPU.ActiveCfg = Debug|Any CPU
		{2A6BCADD-B320-47EA-B78B-23211AD8564F}.Debug|Any CPU.Build.0 = Debug|Any CPU
		{2A6BCADD-B320-47EA-B78B-23211AD8564F}.Release|Any CPU.ActiveCfg = Release|Any CPU
		{2A6BCADD-B320-47EA-B78B-23211AD8564F}.Release|Any CPU.Build.0 = Release|Any CPU
	EndGlobalSection
	GlobalSection(SolutionProperties) = preSolution
		HideSolutionNode = FALSE
	EndGlobalSection
	GlobalSection(ExtensibilityGlobals) = postSolution
		SolutionGuid = {C1FA463C-650F-4FC9-9F1B-87FF6907E0D4}
	EndGlobalSection
EndGlobal
